
Microsoft Visual Studio Solution File, Format Version 12.00
# Visual Studio Version 17
VisualStudioVersion = 17.12.35707.178
MinimumVisualStudioVersion = 10.0.40219.1
Project("{FAE04EC0-301F-11D3-BF4B-00C04F79EFBC}") = "SwiftShop", "SwiftShop.csproj", "{1A9D1AFE-AE83-4297-83F7-5FFDF06B463F}"
EndProject
Project("{FAE04EC0-301F-11D3-BF4B-00C04F79EFBC}") = "SwiftShop.DataAccess", "..\SwiftShop.DataAccess\SwiftShop.DataAccess.csproj", "{8BCFD4C5-6643-47C2-B534-876602A5000A}"
EndProject
Project("{FAE04EC0-301F-11D3-BF4B-00C04F79EFBC}") = "SwiftShop.Models", "..\SwiftShop.Models\SwiftShop.Models.csproj", "{4424BAEE-1520-4960-82D3-4B1E4E7171BA}"
EndProject
Project("{FAE04EC0-301F-11D3-BF4B-00C04F79EFBC}") = "Swiftshop.Utility", "..\Swiftshop.Utility\Swiftshop.Utility.csproj", "{56D07660-3468-43C7-B333-D8361FD8DB6D}"
EndProject
Project("{2150E333-8FDC-42A3-9474-1A3956D46DE8}") = "ViewComponent", "ViewComponent", "{5E8349CD-4025-4823-8A23-157B545E155F}"
	ProjectSection(SolutionItems) = preProject
		ViewComponents.cs = ViewComponents.cs
	EndProjectSection
EndProject
Project("{2150E333-8FDC-42A3-9474-1A3956D46DE8}") = "Solution Items", "Solution Items", "{CB6B1950-EF10-4820-8318-34F3E6F5253A}"
	ProjectSection(SolutionItems) = preProject
		.gitignore.txt = .gitignore.txt
	EndProjectSection
EndProject
Global
	GlobalSection(SolutionConfigurationPlatforms) = preSolution
		Debug|Any CPU = Debug|Any CPU
		Release|Any CPU = Release|Any CPU
	EndGlobalSection
	GlobalSection(ProjectConfigurationPlatforms) = postSolution
		{1A9D1AFE-AE83-4297-83F7-5FFDF06B463F}.Debug|Any CPU.ActiveCfg = Debug|Any CPU
		{1A9D1AFE-AE83-4297-83F7-5FFDF06B463F}.Debug|Any CPU.Build.0 = Debug|Any CPU
		{1A9D1AFE-AE83-4297-83F7-5FFDF06B463F}.Release|Any CPU.ActiveCfg = Release|Any CPU
		{1A9D1AFE-AE83-4297-83F7-5FFDF06B463F}.Release|Any CPU.Build.0 = Release|Any CPU
		{8BCFD4C5-6643-47C2-B534-876602A5000A}.Debug|Any CPU.ActiveCfg = Debug|Any CPU
		{8BCFD4C5-6643-47C2-B534-876602A5000A}.Debug|Any CPU.Build.0 = Debug|Any CPU
		{8BCFD4C5-6643-47C2-B534-876602A5000A}.Release|Any CPU.ActiveCfg = Release|Any CPU
		{8BCFD4C5-6643-47C2-B534-876602A5000A}.Release|Any CPU.Build.0 = Release|Any CPU
		{4424BAEE-1520-4960-82D3-4B1E4E7171BA}.Debug|Any CPU.ActiveCfg = Debug|Any CPU
		{4424BAEE-1520-4960-82D3-4B1E4E7171BA}.Debug|Any CPU.Build.0 = Debug|Any CPU
		{4424BAEE-1520-4960-82D3-4B1E4E7171BA}.Release|Any CPU.ActiveCfg = Release|Any CPU
		{4424BAEE-1520-4960-82D3-4B1E4E7171BA}.Release|Any CPU.Build.0 = Release|Any CPU
		{56D07660-3468-43C7-B333-D8361FD8DB6D}.Debug|Any CPU.ActiveCfg = Debug|Any CPU
		{56D07660-3468-43C7-B333-D8361FD8DB6D}.Debug|Any CPU.Build.0 = Debug|Any CPU
		{56D07660-3468-43C7-B333-D8361FD8DB6D}.Release|Any CPU.ActiveCfg = Release|Any CPU
		{56D07660-3468-43C7-B333-D8361FD8DB6D}.Release|Any CPU.Build.0 = Release|Any CPU
	EndGlobalSection
	GlobalSection(SolutionProperties) = preSolution
		HideSolutionNode = FALSE
	EndGlobalSection
EndGlobal
